
Microsoft Visual Studio Solution File, Format Version 12.00
# Visual Studio Version 16
VisualStudioVersion = 16.0.31829.152
MinimumVisualStudioVersion = 10.0.40219.1
Project("{FAE04EC0-301F-11D3-BF4B-00C04F79EFBC}") = "Zadanie grafic int calc", "Zadanie grafic int calc\Zadanie grafic int calc.csproj", "{662D7F8E-6BF2-4958-97BA-D548B10CE5D3}"
EndProject
Global
	GlobalSection(SolutionConfigurationPlatforms) = preSolution
		Debug|Any CPU = Debug|Any CPU
		Release|Any CPU = Release|Any CPU
	EndGlobalSection
	GlobalSection(ProjectConfigurationPlatforms) = postSolution
		{662D7F8E-6BF2-4958-97BA-D548B10CE5D3}.Debug|Any CPU.ActiveCfg = Debug|Any CPU
		{662D7F8E-6BF2-4958-97BA-D548B10CE5D3}.Debug|Any CPU.Build.0 = Debug|Any CPU
		{662D7F8E-6BF2-4958-97BA-D548B10CE5D3}.Release|Any CPU.ActiveCfg = Release|Any CPU
		{662D7F8E-6BF2-4958-97BA-D548B10CE5D3}.Release|Any CPU.Build.0 = Release|Any CPU
	EndGlobalSection
	GlobalSection(SolutionProperties) = preSolution
		HideSolutionNode = FALSE
	EndGlobalSection
	GlobalSection(ExtensibilityGlobals) = postSolution
		SolutionGuid = {E68A5E2B-4542-4BEC-BA09-85269E1ABE28}
	EndGlobalSection
EndGlobal
